
Microsoft Visual Studio Solution File, Format Version 12.00
# Visual Studio Version 17
VisualStudioVersion = 17.5.002.0
MinimumVisualStudioVersion = 10.0.40219.1
Project("{2150E333-8FDC-42A3-9474-1A3956D46DE8}") = "src", "src", "{A2F8CFF1-E624-44AE-AC7D-60110ABDE5C1}"
EndProject
Project("{9A19103F-16F7-4668-BE54-9A1E7A4F7556}") = "BooksService", "src\BooksService\BooksService.csproj", "{DB1B9D2B-560B-448E-92FD-018EA395B628}"
EndProject
Global
	GlobalSection(SolutionConfigurationPlatforms) = preSolution
		Debug|Any CPU = Debug|Any CPU
		Release|Any CPU = Release|Any CPU
	EndGlobalSection
	GlobalSection(ProjectConfigurationPlatforms) = postSolution
		{DB1B9D2B-560B-448E-92FD-018EA395B628}.Debug|Any CPU.ActiveCfg = Debug|Any CPU
		{DB1B9D2B-560B-448E-92FD-018EA395B628}.Debug|Any CPU.Build.0 = Debug|Any CPU
		{DB1B9D2B-560B-448E-92FD-018EA395B628}.Release|Any CPU.ActiveCfg = Release|Any CPU
		{DB1B9D2B-560B-448E-92FD-018EA395B628}.Release|Any CPU.Build.0 = Release|Any CPU
	EndGlobalSection
	GlobalSection(SolutionProperties) = preSolution
		HideSolutionNode = FALSE
	EndGlobalSection
	GlobalSection(NestedProjects) = preSolution
		{DB1B9D2B-560B-448E-92FD-018EA395B628} = {A2F8CFF1-E624-44AE-AC7D-60110ABDE5C1}
	EndGlobalSection
	GlobalSection(ExtensibilityGlobals) = postSolution
		SolutionGuid = {58500B42-9D2A-4B87-B8A6-DCD6472BB3F9}
	EndGlobalSection
EndGlobal
